
Microsoft Visual Studio Solution File, Format Version 12.00
# Visual Studio Version 17
VisualStudioVersion = 17.12.35323.107
MinimumVisualStudioVersion = 10.0.40219.1
Project("{FAE04EC0-301F-11D3-BF4B-00C04F79EFBC}") = "tg_bot", "tg_bot.csproj", "{F6B26E20-3A2E-4C41-9BAB-5D0F6B13DDBF}"
EndProject
Global
	GlobalSection(SolutionConfigurationPlatforms) = preSolution
		Debug|Any CPU = Debug|Any CPU
		Release|Any CPU = Release|Any CPU
	EndGlobalSection
	GlobalSection(ProjectConfigurationPlatforms) = postSolution
		{F6B26E20-3A2E-4C41-9BAB-5D0F6B13DDBF}.Debug|Any CPU.ActiveCfg = Debug|Any CPU
		{F6B26E20-3A2E-4C41-9BAB-5D0F6B13DDBF}.Debug|Any CPU.Build.0 = Debug|Any CPU
		{F6B26E20-3A2E-4C41-9BAB-5D0F6B13DDBF}.Release|Any CPU.ActiveCfg = Release|Any CPU
		{F6B26E20-3A2E-4C41-9BAB-5D0F6B13DDBF}.Release|Any CPU.Build.0 = Release|Any CPU
	EndGlobalSection
	GlobalSection(SolutionProperties) = preSolution
		HideSolutionNode = FALSE
	EndGlobalSection
	GlobalSection(ExtensibilityGlobals) = postSolution
		SolutionGuid = {ED675312-7703-460B-B2F8-EBDECDFA709A}
	EndGlobalSection
EndGlobal
